
Microsoft Visual Studio Solution File, Format Version 12.00
# Visual Studio 2013
VisualStudioVersion = 12.0.31101.0
MinimumVisualStudioVersion = 10.0.40219.1
Project("{2150E333-8FDC-42A3-9474-1A3956D46DE8}") = "1 - Presentation", "1 - Presentation", "{6F5BC28F-1FBF-4E24-AEF4-208F4D7DA912}"
EndProject
Project("{2150E333-8FDC-42A3-9474-1A3956D46DE8}") = "2 - API", "2 - API", "{DDAC1F77-BD03-4FE9-B019-F90629FA3CF6}"
EndProject
Project("{2150E333-8FDC-42A3-9474-1A3956D46DE8}") = "3 - Application", "3 - Application", "{FDB714E4-B9C0-4618-B98D-D43CC52AC470}"
EndProject
Project("{2150E333-8FDC-42A3-9474-1A3956D46DE8}") = "5- Domain", "5- Domain", "{4E0697BE-9C01-47DE-B668-6B1047FF8029}"
EndProject
Project("{2150E333-8FDC-42A3-9474-1A3956D46DE8}") = "6 - Data", "6 - Data", "{BB9FB42F-64BD-41F9-8A14-36885917E3C2}"
EndProject
Project("{2150E333-8FDC-42A3-9474-1A3956D46DE8}") = "4 - Services", "4 - Services", "{1B5C361D-2F46-405E-B20A-3F8BD292C656}"
EndProject
Project("{2150E333-8FDC-42A3-9474-1A3956D46DE8}") = "7 - TDD", "7 - TDD", "{4B3EC927-9717-471F-93C8-7319DB0A2EE6}"
EndProject
Project("{2150E333-8FDC-42A3-9474-1A3956D46DE8}") = "8 - BDD", "8 - BDD", "{A0129855-BF19-4028-BE35-BA5760D69B08}"
EndProject
Project("{FAE04EC0-301F-11D3-BF4B-00C04F79EFBC}") = "SpaUserControl.Domain", "SpaUserControl.Domain\SpaUserControl.Domain.csproj", "{E891CC12-4C4F-4081-8257-459DAAF86545}"
EndProject
Project("{FAE04EC0-301F-11D3-BF4B-00C04F79EFBC}") = "SpaUserControl.Common", "SpaUserControl.Common\SpaUserControl.Common.csproj", "{45BCADFE-13C4-4512-B306-3E8178906303}"
EndProject
Project("{FAE04EC0-301F-11D3-BF4B-00C04F79EFBC}") = "SpaUserControl.Data", "SpaUserControl.Data\SpaUserControl.Data.csproj", "{07B8F4D1-8D6A-4039-A129-A745C9BCE720}"
EndProject
Project("{FAE04EC0-301F-11D3-BF4B-00C04F79EFBC}") = "SpaUserControl.WebApi", "SpaUserControl.WebApi\SpaUserControl.WebApi.csproj", "{D0307B92-396A-41C0-979C-3410490FA78F}"
EndProject
Project("{FAE04EC0-301F-11D3-BF4B-00C04F79EFBC}") = "SpaUserControl.Services", "SpaUserControl.Services\SpaUserControl.Services.csproj", "{C5478050-5D8C-46AB-98A4-F4625976749E}"
EndProject
Project("{FAE04EC0-301F-11D3-BF4B-00C04F79EFBC}") = "SpaUserControl.MVC", "SpaUserControl.MVC\SpaUserControl.MVC.csproj", "{2976ADA4-3A4F-4D51-B57A-C1FC3742ADFF}"
EndProject
Global
	GlobalSection(SolutionConfigurationPlatforms) = preSolution
		Debug|Any CPU = Debug|Any CPU
		Release|Any CPU = Release|Any CPU
	EndGlobalSection
	GlobalSection(ProjectConfigurationPlatforms) = postSolution
		{E891CC12-4C4F-4081-8257-459DAAF86545}.Debug|Any CPU.ActiveCfg = Debug|Any CPU
		{E891CC12-4C4F-4081-8257-459DAAF86545}.Debug|Any CPU.Build.0 = Debug|Any CPU
		{E891CC12-4C4F-4081-8257-459DAAF86545}.Release|Any CPU.ActiveCfg = Release|Any CPU
		{E891CC12-4C4F-4081-8257-459DAAF86545}.Release|Any CPU.Build.0 = Release|Any CPU
		{45BCADFE-13C4-4512-B306-3E8178906303}.Debug|Any CPU.ActiveCfg = Debug|Any CPU
		{45BCADFE-13C4-4512-B306-3E8178906303}.Debug|Any CPU.Build.0 = Debug|Any CPU
		{45BCADFE-13C4-4512-B306-3E8178906303}.Release|Any CPU.ActiveCfg = Release|Any CPU
		{45BCADFE-13C4-4512-B306-3E8178906303}.Release|Any CPU.Build.0 = Release|Any CPU
		{07B8F4D1-8D6A-4039-A129-A745C9BCE720}.Debug|Any CPU.ActiveCfg = Debug|Any CPU
		{07B8F4D1-8D6A-4039-A129-A745C9BCE720}.Debug|Any CPU.Build.0 = Debug|Any CPU
		{07B8F4D1-8D6A-4039-A129-A745C9BCE720}.Release|Any CPU.ActiveCfg = Release|Any CPU
		{07B8F4D1-8D6A-4039-A129-A745C9BCE720}.Release|Any CPU.Build.0 = Release|Any CPU
		{D0307B92-396A-41C0-979C-3410490FA78F}.Debug|Any CPU.ActiveCfg = Debug|Any CPU
		{D0307B92-396A-41C0-979C-3410490FA78F}.Debug|Any CPU.Build.0 = Debug|Any CPU
		{D0307B92-396A-41C0-979C-3410490FA78F}.Release|Any CPU.ActiveCfg = Release|Any CPU
		{D0307B92-396A-41C0-979C-3410490FA78F}.Release|Any CPU.Build.0 = Release|Any CPU
		{C5478050-5D8C-46AB-98A4-F4625976749E}.Debug|Any CPU.ActiveCfg = Debug|Any CPU
		{C5478050-5D8C-46AB-98A4-F4625976749E}.Debug|Any CPU.Build.0 = Debug|Any CPU
		{C5478050-5D8C-46AB-98A4-F4625976749E}.Release|Any CPU.ActiveCfg = Release|Any CPU
		{C5478050-5D8C-46AB-98A4-F4625976749E}.Release|Any CPU.Build.0 = Release|Any CPU
		{2976ADA4-3A4F-4D51-B57A-C1FC3742ADFF}.Debug|Any CPU.ActiveCfg = Debug|Any CPU
		{2976ADA4-3A4F-4D51-B57A-C1FC3742ADFF}.Debug|Any CPU.Build.0 = Debug|Any CPU
		{2976ADA4-3A4F-4D51-B57A-C1FC3742ADFF}.Release|Any CPU.ActiveCfg = Release|Any CPU
		{2976ADA4-3A4F-4D51-B57A-C1FC3742ADFF}.Release|Any CPU.Build.0 = Release|Any CPU
	EndGlobalSection
	GlobalSection(SolutionProperties) = preSolution
		HideSolutionNode = FALSE
	EndGlobalSection
	GlobalSection(NestedProjects) = preSolution
		{E891CC12-4C4F-4081-8257-459DAAF86545} = {4E0697BE-9C01-47DE-B668-6B1047FF8029}
		{45BCADFE-13C4-4512-B306-3E8178906303} = {4E0697BE-9C01-47DE-B668-6B1047FF8029}
		{07B8F4D1-8D6A-4039-A129-A745C9BCE720} = {BB9FB42F-64BD-41F9-8A14-36885917E3C2}
		{D0307B92-396A-41C0-979C-3410490FA78F} = {DDAC1F77-BD03-4FE9-B019-F90629FA3CF6}
		{C5478050-5D8C-46AB-98A4-F4625976749E} = {1B5C361D-2F46-405E-B20A-3F8BD292C656}
		{2976ADA4-3A4F-4D51-B57A-C1FC3742ADFF} = {6F5BC28F-1FBF-4E24-AEF4-208F4D7DA912}
	EndGlobalSection
EndGlobal
